{
  "version": 4,
  "terraform_version": "0.12.8",
  "serial": 33,
  "lineage": "f1d9bc63-107f-067a-a689-2055537e23c5",
  "outputs": {
    "external_ip_address_app": {
      "value": "51.250.6.129",
      "type": "string"
    }
  },
  "resources": [
    {
      "mode": "managed",
      "type": "yandex_compute_instance",
      "name": "app",
      "provider": "provider.yandex",
      "instances": [
        {
          "schema_version": 1,
          "attributes": {
            "allow_stopping_for_update": null,
            "boot_disk": [
              {
                "auto_delete": true,
                "device_name": "fhmvd225p4pm9betstuf",
                "disk_id": "fhmvd225p4pm9betstuf",
                "initialize_params": [
                  {
                    "description": "",
                    "image_id": "fd8u5lbhhc4rjstfe5ml",
                    "name": "",
                    "size": 10,
                    "snapshot_id": "",
                    "type": "network-hdd"
                  }
                ],
                "mode": "READ_WRITE"
              }
            ],
            "created_at": "2022-01-16T02:59:16Z",
            "description": "",
            "folder_id": "b1g4egm6in0g6rlk1paj",
            "fqdn": "fhmscmrap717rasmm9k4.auto.internal",
            "hostname": "fhmscmrap717rasmm9k4",
            "id": "fhmscmrap717rasmm9k4",
            "labels": null,
            "metadata": {
              "ssh-keys": "ubuntu:ssh-rsa AAAAB3NzaC1yc2EAAAADAQABAAABgQC2ZFaLoeUqy2OvH+txKL85uwPP7WB4Fa9JO4uuFy2jh16VY7Wh5t9Wq9FllIvZTR/UrKyNZ0X6eFwwNRZafWva+1DfqHBMqnvo+BqSJjnKFUrOG4LVn8jcMiacHtYgElZ2jH3a/9uKKFux/t3KN+mjQ3vLLXKz+V+COJjpIJ09YA0vhPXtwlZKF8u7Ay7GmHd4tOQ8Kgk1yEN+v4EIOemj6LAgdQxbH1AEgiMQH8wP9DqrzbU7WUdVgMIbMHulxOQJtw75I/2dhirVxlIpIemKsXQ6OK1xGJvG40wX9bSETjC6csLpNymI3Ob8njVYWp6cpJHA2TbBqbWJfcsdVcWKAgGC0xnWjZ4foclwEC6bSLcQmNKhmXM5lL61EjUTZovQD9QCSidJCIjKnc3tz5rYZKJgbGQalkiRPdCqjm95BofrozM1NeSG1xkmDb80vWxKO5Z1mdfjAFyIXGvWzdrA/+Qx2XQYxWKgk0qSZSczrhtZrlutQub93nWAROPIlJc= ubuntu\n"
            },
            "name": "reddit-app",
            "network_acceleration_type": "standard",
            "network_interface": [
              {
                "index": 0,
                "ip_address": "10.128.0.22",
                "ipv4": true,
                "ipv6": false,
                "ipv6_address": "",
                "mac_address": "d0:0d:1c:65:b6:ac",
                "nat": true,
                "nat_ip_address": "51.250.6.129",
                "nat_ip_version": "IPV4",
                "security_group_ids": [],
                "subnet_id": "e9bd8knc34h7vn07v1of"
              }
            ],
            "placement_policy": [
              {
                "placement_group_id": ""
              }
            ],
            "platform_id": "standard-v1",
            "resources": [
              {
                "core_fraction": 100,
                "cores": 2,
                "gpus": 0,
                "memory": 2
              }
            ],
            "scheduling_policy": [
              {
                "preemptible": false
              }
            ],
            "secondary_disk": [],
            "service_account_id": "",
            "status": "running",
            "timeouts": null,
            "zone": "ru-central1-a"
          },
          "private": "eyJlMmJmYjczMC1lY2FhLTExZTYtOGY4OC0zNDM2M2JjN2M0YzAiOnsiY3JlYXRlIjozMDAwMDAwMDAwMDAsImRlbGV0ZSI6MzAwMDAwMDAwMDAwLCJ1cGRhdGUiOjMwMDAwMDAwMDAwMH0sInNjaGVtYV92ZXJzaW9uIjoiMSJ9"
        }
      ]
    }
  ]
}
